
Microsoft Visual Studio Solution File, Format Version 11.00
# Visual Studio 2010
Project("{FAE04EC0-301F-11D3-BF4B-00C04F79EFBC}") = "bo.Xml", "bo.Xml\bo.Xml.csproj", "{406AA316-2DF4-434F-8130-0DA88C8C42CD}"
EndProject
Project("{FAE04EC0-301F-11D3-BF4B-00C04F79EFBC}") = "bo.Logging", "bo.Logging\bo.Logging.csproj", "{F544B159-7362-4670-AD09-88DEC1A2CC7A}"
EndProject
Project("{FAE04EC0-301F-11D3-BF4B-00C04F79EFBC}") = "ValidateXmlWithXsd", "Apps\Xml\ValidateXmlWithXsd\ValidateXmlWithXsd.csproj", "{1F14EE34-799C-4D97-85A7-4A0CED16D892}"
EndProject
Project("{FAE04EC0-301F-11D3-BF4B-00C04F79EFBC}") = "bo", "bo\bo.csproj", "{50E7A8CF-31DE-4AF3-9ADF-F0CA40BF86E3}"
EndProject
Global
	GlobalSection(TeamFoundationVersionControl) = preSolution
		SccNumberOfProjects = 5
		SccEnterpriseProvider = {4CA58AB2-18FA-4F8D-95D4-32DDF27D184C}
		SccTeamFoundationServer = https://tfs.codeplex.com/tfs/tfs05
		SccLocalPath0 = .
		SccProjectUniqueName1 = bo.Xml\\bo.Xml.csproj
		SccProjectName1 = bo.Xml
		SccLocalPath1 = bo.Xml
		SccProjectUniqueName2 = bo.Logging\\bo.Logging.csproj
		SccProjectName2 = bo.Logging
		SccLocalPath2 = bo.Logging
		SccProjectUniqueName3 = Apps\\Xml\\ValidateXmlWithXsd\\ValidateXmlWithXsd.csproj
		SccProjectName3 = Apps/Xml/ValidateXmlWithXsd
		SccLocalPath3 = Apps\\Xml\\ValidateXmlWithXsd
		SccProjectUniqueName4 = bo\\bo.csproj
		SccProjectName4 = bo
		SccLocalPath4 = bo
	EndGlobalSection
	GlobalSection(SolutionConfigurationPlatforms) = preSolution
		Debug|Any CPU = Debug|Any CPU
		Debug|Mixed Platforms = Debug|Mixed Platforms
		Debug|x86 = Debug|x86
		Release|Any CPU = Release|Any CPU
		Release|Mixed Platforms = Release|Mixed Platforms
		Release|x86 = Release|x86
	EndGlobalSection
	GlobalSection(ProjectConfigurationPlatforms) = postSolution
		{406AA316-2DF4-434F-8130-0DA88C8C42CD}.Debug|Any CPU.ActiveCfg = Debug|Any CPU
		{406AA316-2DF4-434F-8130-0DA88C8C42CD}.Debug|Any CPU.Build.0 = Debug|Any CPU
		{406AA316-2DF4-434F-8130-0DA88C8C42CD}.Debug|Mixed Platforms.ActiveCfg = Debug|Any CPU
		{406AA316-2DF4-434F-8130-0DA88C8C42CD}.Debug|Mixed Platforms.Build.0 = Debug|Any CPU
		{406AA316-2DF4-434F-8130-0DA88C8C42CD}.Debug|x86.ActiveCfg = Debug|Any CPU
		{406AA316-2DF4-434F-8130-0DA88C8C42CD}.Release|Any CPU.ActiveCfg = Release|Any CPU
		{406AA316-2DF4-434F-8130-0DA88C8C42CD}.Release|Any CPU.Build.0 = Release|Any CPU
		{406AA316-2DF4-434F-8130-0DA88C8C42CD}.Release|Mixed Platforms.ActiveCfg = Release|Any CPU
		{406AA316-2DF4-434F-8130-0DA88C8C42CD}.Release|Mixed Platforms.Build.0 = Release|Any CPU
		{406AA316-2DF4-434F-8130-0DA88C8C42CD}.Release|x86.ActiveCfg = Release|Any CPU
		{F544B159-7362-4670-AD09-88DEC1A2CC7A}.Debug|Any CPU.ActiveCfg = Debug|Any CPU
		{F544B159-7362-4670-AD09-88DEC1A2CC7A}.Debug|Any CPU.Build.0 = Debug|Any CPU
		{F544B159-7362-4670-AD09-88DEC1A2CC7A}.Debug|Mixed Platforms.ActiveCfg = Debug|Any CPU
		{F544B159-7362-4670-AD09-88DEC1A2CC7A}.Debug|Mixed Platforms.Build.0 = Debug|Any CPU
		{F544B159-7362-4670-AD09-88DEC1A2CC7A}.Debug|x86.ActiveCfg = Debug|Any CPU
		{F544B159-7362-4670-AD09-88DEC1A2CC7A}.Release|Any CPU.ActiveCfg = Release|Any CPU
		{F544B159-7362-4670-AD09-88DEC1A2CC7A}.Release|Any CPU.Build.0 = Release|Any CPU
		{F544B159-7362-4670-AD09-88DEC1A2CC7A}.Release|Mixed Platforms.ActiveCfg = Release|Any CPU
		{F544B159-7362-4670-AD09-88DEC1A2CC7A}.Release|Mixed Platforms.Build.0 = Release|Any CPU
		{F544B159-7362-4670-AD09-88DEC1A2CC7A}.Release|x86.ActiveCfg = Release|Any CPU
		{1F14EE34-799C-4D97-85A7-4A0CED16D892}.Debug|Any CPU.ActiveCfg = Debug|x86
		{1F14EE34-799C-4D97-85A7-4A0CED16D892}.Debug|Mixed Platforms.ActiveCfg = Debug|x86
		{1F14EE34-799C-4D97-85A7-4A0CED16D892}.Debug|Mixed Platforms.Build.0 = Debug|x86
		{1F14EE34-799C-4D97-85A7-4A0CED16D892}.Debug|x86.ActiveCfg = Debug|x86
		{1F14EE34-799C-4D97-85A7-4A0CED16D892}.Debug|x86.Build.0 = Debug|x86
		{1F14EE34-799C-4D97-85A7-4A0CED16D892}.Release|Any CPU.ActiveCfg = Release|x86
		{1F14EE34-799C-4D97-85A7-4A0CED16D892}.Release|Mixed Platforms.ActiveCfg = Release|x86
		{1F14EE34-799C-4D97-85A7-4A0CED16D892}.Release|Mixed Platforms.Build.0 = Release|x86
		{1F14EE34-799C-4D97-85A7-4A0CED16D892}.Release|x86.ActiveCfg = Release|x86
		{1F14EE34-799C-4D97-85A7-4A0CED16D892}.Release|x86.Build.0 = Release|x86
		{50E7A8CF-31DE-4AF3-9ADF-F0CA40BF86E3}.Debug|Any CPU.ActiveCfg = Debug|Any CPU
		{50E7A8CF-31DE-4AF3-9ADF-F0CA40BF86E3}.Debug|Any CPU.Build.0 = Debug|Any CPU
		{50E7A8CF-31DE-4AF3-9ADF-F0CA40BF86E3}.Debug|Mixed Platforms.ActiveCfg = Debug|Any CPU
		{50E7A8CF-31DE-4AF3-9ADF-F0CA40BF86E3}.Debug|Mixed Platforms.Build.0 = Debug|Any CPU
		{50E7A8CF-31DE-4AF3-9ADF-F0CA40BF86E3}.Debug|x86.ActiveCfg = Debug|Any CPU
		{50E7A8CF-31DE-4AF3-9ADF-F0CA40BF86E3}.Release|Any CPU.ActiveCfg = Release|Any CPU
		{50E7A8CF-31DE-4AF3-9ADF-F0CA40BF86E3}.Release|Any CPU.Build.0 = Release|Any CPU
		{50E7A8CF-31DE-4AF3-9ADF-F0CA40BF86E3}.Release|Mixed Platforms.ActiveCfg = Release|Any CPU
		{50E7A8CF-31DE-4AF3-9ADF-F0CA40BF86E3}.Release|Mixed Platforms.Build.0 = Release|Any CPU
		{50E7A8CF-31DE-4AF3-9ADF-F0CA40BF86E3}.Release|x86.ActiveCfg = Release|Any CPU
	EndGlobalSection
	GlobalSection(SolutionProperties) = preSolution
		HideSolutionNode = FALSE
	EndGlobalSection
EndGlobal
