<Project xmlns="http://schemas.microsoft.com/developer/msbuild/2003">
  <PropertyGroup>
    <ProjectGuid>{f88f26c2-1ea0-45c4-b849-6446bf017362}</ProjectGuid>
    <MainSource>XPathTester.dpr</MainSource>
    <Configuration Condition=" '$(Configuration)' == '' ">Debug</Configuration>
    <Platform Condition=" '$(Platform)' == '' ">AnyCPU</Platform>
    <DCC_DCCCompiler>DCC32</DCC_DCCCompiler>
    <DCC_DependencyCheckOutputName>..\bin\XPathTester.exe</DCC_DependencyCheckOutputName>
  </PropertyGroup>
  <PropertyGroup Condition=" '$(Configuration)|$(Platform)' == 'Release|AnyCPU' ">
    <Version>7.0</Version>
    <DCC_DebugInformation>False</DCC_DebugInformation>
    <DCC_LocalDebugSymbols>False</DCC_LocalDebugSymbols>
    <DCC_SymbolReferenceInfo>0</DCC_SymbolReferenceInfo>
    <DCC_Define>RELEASE</DCC_Define>
  </PropertyGroup>
  <PropertyGroup Condition=" '$(Configuration)|$(Platform)' == 'Debug|AnyCPU' ">
    <Version>7.0</Version>
    <DCC_Define>DEBUG</DCC_Define>
    <DCC_ExeOutput>..\bin</DCC_ExeOutput>
    <DCC_DcuOutput>..\lib</DCC_DcuOutput>
    <DCC_ObjOutput>..\lib</DCC_ObjOutput>
    <DCC_HppOutput>..\lib</DCC_HppOutput>
    <DCC_BplOutput>..\lib</DCC_BplOutput>
    <DCC_DcpOutput>..\lib</DCC_DcpOutput>
    <DCC_UnitSearchPath>$(BDS)\lib\Debug;$(BDS)\Lib\Debug\Indy10;$(BDS)\RaveReports\Lib;C:\EyePoint\version1\src\JVCL\jcl\lib\d11\debug</DCC_UnitSearchPath>
    <DCC_ResourcePath>$(BDS)\lib\Debug;$(BDS)\Lib\Debug\Indy10;$(BDS)\RaveReports\Lib;C:\EyePoint\version1\src\JVCL\jcl\lib\d11\debug</DCC_ResourcePath>
    <DCC_ObjPath>$(BDS)\lib\Debug;$(BDS)\Lib\Debug\Indy10;$(BDS)\RaveReports\Lib;C:\EyePoint\version1\src\JVCL\jcl\lib\d11\debug</DCC_ObjPath>
    <DCC_IncludePath>$(BDS)\lib\Debug;$(BDS)\Lib\Debug\Indy10;$(BDS)\RaveReports\Lib;C:\EyePoint\version1\src\JVCL\jcl\lib\d11\debug</DCC_IncludePath>
    <DCC_Optimize>False</DCC_Optimize>
    <DCC_GenerateStackFrames>True</DCC_GenerateStackFrames>
  </PropertyGroup>
  <ProjectExtensions>
    <Borland.Personality>Delphi.Personality</Borland.Personality>
    <Borland.ProjectType>VCLApplication</Borland.ProjectType>
    <BorlandProject>
<BorlandProject><Delphi.Personality><Parameters><Parameters Name="UseLauncher">False</Parameters><Parameters Name="LoadAllSymbols">True</Parameters><Parameters Name="LoadUnspecifiedSymbols">False</Parameters></Parameters><VersionInfo><VersionInfo Name="IncludeVerInfo">False</VersionInfo><VersionInfo Name="AutoIncBuild">False</VersionInfo><VersionInfo Name="MajorVer">1</VersionInfo><VersionInfo Name="MinorVer">0</VersionInfo><VersionInfo Name="Release">0</VersionInfo><VersionInfo Name="Build">0</VersionInfo><VersionInfo Name="Debug">False</VersionInfo><VersionInfo Name="PreRelease">False</VersionInfo><VersionInfo Name="Special">False</VersionInfo><VersionInfo Name="Private">False</VersionInfo><VersionInfo Name="DLL">False</VersionInfo><VersionInfo Name="Locale">6153</VersionInfo><VersionInfo Name="CodePage">1252</VersionInfo></VersionInfo><VersionInfoKeys><VersionInfoKeys Name="CompanyName"></VersionInfoKeys><VersionInfoKeys Name="FileDescription"></VersionInfoKeys><VersionInfoKeys Name="FileVersion">1.0.0.0</VersionInfoKeys><VersionInfoKeys Name="InternalName"></VersionInfoKeys><VersionInfoKeys Name="LegalCopyright"></VersionInfoKeys><VersionInfoKeys Name="LegalTrademarks"></VersionInfoKeys><VersionInfoKeys Name="OriginalFilename"></VersionInfoKeys><VersionInfoKeys Name="ProductName"></VersionInfoKeys><VersionInfoKeys Name="ProductVersion">1.0.0.0</VersionInfoKeys><VersionInfoKeys Name="Comments"></VersionInfoKeys></VersionInfoKeys><Source><Source Name="MainSource">XPathTester.dpr</Source></Source></Delphi.Personality></BorlandProject></BorlandProject>
  </ProjectExtensions>
  <Import Project="$(MSBuildBinPath)\Borland.Delphi.Targets" />
  <ItemGroup>
    <DelphiCompile Include="XPathTester.dpr">
      <MainSource>MainSource</MainSource>
    </DelphiCompile>
    <DCCReference Include="..\..\..\..\bo.Containers\DictionaryUnit.pas" />
    <DCCReference Include="..\..\..\..\bo.Debugging\DebuggingUnit.pas" />
    <DCCReference Include="..\..\..\..\bo.DebugView\DbWinUnit.pas" />
    <DCCReference Include="..\..\..\..\bo.Helpers\ComponentHelperUnit.pas" />
    <DCCReference Include="..\..\..\..\bo.Helpers\MakeResourceUrlUnit.pas" />
    <DCCReference Include="..\..\..\..\bo.Helpers\WebBrowserHelperUnit.pas" />
    <DCCReference Include="..\..\..\..\bo.Logging\LoggerInterfaceUnit.pas" />
    <DCCReference Include="..\..\..\..\bo.Logging\LoggersUnit.pas" />
    <DCCReference Include="..\..\..\..\bo.Logging\LoggerUnit.pas" />
    <DCCReference Include="..\..\..\..\bo.Logging\ReportersUnit.pas" />
    <DCCReference Include="..\..\..\..\bo.Logging\ReporterUnit.pas" />
    <DCCReference Include="..\..\..\..\bo.Logging\ReportingLoggerUnit.pas" />
    <DCCReference Include="..\..\..\..\bo.Logging\ReportProxyInterfaceUnit.pas" />
    <DCCReference Include="..\..\..\..\bo.Logging\ReportProxyUnit.pas" />
    <DCCReference Include="..\..\..\..\bo.System\FileVersionUnit.pas" />
    <DCCReference Include="..\..\..\..\bo.Text\StringListWrapperUnit.pas" />
    <DCCReference Include="..\..\..\..\bo.Text\StringUtilsUnit.pas" />
    <DCCReference Include="..\..\..\..\bo.TypeInfo\EnumTypeInfoUnit.pas" />
    <DCCReference Include="..\..\..\..\bo.TypeInfo\RecordTypeInfoUnit.pas" />
    <DCCReference Include="..\..\..\..\bo.TypeInfo\SetTypeInfoUnit.pas" />
    <DCCReference Include="..\..\..\..\bo.XML\MSXML2_TLB.pas" />
    <DCCReference Include="..\..\..\..\bo.XML\msxmlFactoryUnit.pas" />
    <DCCReference Include="..\..\..\..\bo.XML\XMLDOMParseErrorToStringUnit.pas" />
    <DCCReference Include="..\..\..\..\bo.XML\XmlHelperUnit.pas" />
    <DCCReference Include="..\src\MainFormUnit.pas">
      <Form>MainForm</Form>
    </DCCReference>
  </ItemGroup>
</Project>