	<Project xmlns="http://schemas.microsoft.com/developer/msbuild/2003">
		<PropertyGroup>
			<ProjectGuid>{AC8FFFB6-937D-4FC5-884C-0DECA8F98692}</ProjectGuid>
			<MainSource>UseORMProject_XE2.dpr</MainSource>
			<ProjectVersion>13.4</ProjectVersion>
			<Base>True</Base>
			<Config Condition="'$(Config)'==''">Debug</Config>
			<AppType>Application</AppType>
			<FrameworkType>VCL</FrameworkType>
			<DCC_DCCCompiler>DCC32</DCC_DCCCompiler>
			<Platform Condition="'$(Platform)'==''">Win32</Platform>
			<TargetedPlatforms>3</TargetedPlatforms>
		</PropertyGroup>
		<PropertyGroup Condition="'$(Config)'=='Base' or '$(Base)'!=''">
			<Base>true</Base>
		</PropertyGroup>
		<PropertyGroup Condition="('$(Platform)'=='Win64' and '$(Base)'=='true') or '$(Base_Win64)'!=''">
			<Base_Win64>true</Base_Win64>
			<CfgParent>Base</CfgParent>
			<Base>true</Base>
		</PropertyGroup>
		<PropertyGroup Condition="('$(Platform)'=='Win32' and '$(Base)'=='true') or '$(Base_Win32)'!=''">
			<Base_Win32>true</Base_Win32>
			<CfgParent>Base</CfgParent>
			<Base>true</Base>
		</PropertyGroup>
		<PropertyGroup Condition="'$(Config)'=='Debug' or '$(Cfg_1)'!=''">
			<Cfg_1>true</Cfg_1>
			<CfgParent>Base</CfgParent>
			<Base>true</Base>
		</PropertyGroup>
		<PropertyGroup Condition="('$(Platform)'=='Win64' and '$(Cfg_1)'=='true') or '$(Cfg_1_Win64)'!=''">
			<Cfg_1_Win64>true</Cfg_1_Win64>
			<CfgParent>Cfg_1</CfgParent>
			<Cfg_1>true</Cfg_1>
			<Base>true</Base>
		</PropertyGroup>
		<PropertyGroup Condition="('$(Platform)'=='Win32' and '$(Cfg_1)'=='true') or '$(Cfg_1_Win32)'!=''">
			<Cfg_1_Win32>true</Cfg_1_Win32>
			<CfgParent>Cfg_1</CfgParent>
			<Cfg_1>true</Cfg_1>
			<Base>true</Base>
		</PropertyGroup>
		<PropertyGroup Condition="'$(Config)'=='Release' or '$(Cfg_2)'!=''">
			<Cfg_2>true</Cfg_2>
			<CfgParent>Base</CfgParent>
			<Base>true</Base>
		</PropertyGroup>
		<PropertyGroup Condition="'$(Base)'!=''">
			<Manifest_File>None</Manifest_File>
			<Icon_MainIcon>UseORMProject_Icon.ico</Icon_MainIcon>
			<VerInfo_Keys>CompanyName=;FileDescription=;FileVersion=1.0.0.0;InternalName=;LegalCopyright=;LegalTrademarks=;OriginalFilename=;ProductName=;ProductVersion=1.0.0.0;Comments=</VerInfo_Keys>
			<VerInfo_Locale>1033</VerInfo_Locale>
			<DCC_Namespace>Vcl;Vcl.Imaging;Vcl.Touch;Vcl.Samples;Vcl.Shell;System;Xml;Data;Datasnap;Web;Soap;Winapi;Data.Win;System.Win;$(DCC_Namespace)</DCC_Namespace>
			<DCC_MapFile>3</DCC_MapFile>
			<DCC_DebugDCUs>true</DCC_DebugDCUs>
			<DCC_UnitSearchPath>..\inc;..\..\..\..\Include;$(DCC_UnitSearchPath)</DCC_UnitSearchPath>
			<DCC_ImageBase>00400000</DCC_ImageBase>
			<DCC_DcuOutput>.\$(Config)\$(Platform)</DCC_DcuOutput>
			<DCC_ExeOutput>.\$(Config)\$(Platform)</DCC_ExeOutput>
			<DCC_E>false</DCC_E>
			<DCC_N>false</DCC_N>
			<DCC_S>false</DCC_S>
			<DCC_F>false</DCC_F>
			<DCC_K>false</DCC_K>
		</PropertyGroup>
		<PropertyGroup Condition="'$(Base_Win64)'!=''">
			<DCC_Namespace>Datasnap.Win;Web.Win;Soap.Win;Xml.Win;$(DCC_Namespace)</DCC_Namespace>
			<VerInfo_IncludeVerInfo>true</VerInfo_IncludeVerInfo>
			<Icon_MainIcon>UseORMProject_Icon.ico</Icon_MainIcon>
			<Manifest_File>$(BDS)\bin\default_app.manifest</Manifest_File>
		</PropertyGroup>
		<PropertyGroup Condition="'$(Base_Win32)'!=''">
			<VerInfo_IncludeVerInfo>true</VerInfo_IncludeVerInfo>
			<Icon_MainIcon>UseORMProject_Icon.ico</Icon_MainIcon>
			<DCC_Namespace>Datasnap.Win;Web.Win;Soap.Win;Xml.Win;Bde;$(DCC_Namespace)</DCC_Namespace>
			<VerInfo_Keys>CompanyName=;FileDescription=;FileVersion=1.0.0.0;InternalName=;LegalCopyright=;LegalTrademarks=;OriginalFilename=;ProductName=;ProductVersion=1.0.0.0;Comments=</VerInfo_Keys>
			<PostBuildEvent><![CDATA[copy "C:\develop\codeplex\TFS05\bo\Forks\FastMM\Demos\Replacement borlndmm DLL\FastMM_FullDebugMode.dll" .\$(Config)\$(Platform)
$(PostBuildEvent)]]></PostBuildEvent>
			<VerInfo_Locale>1033</VerInfo_Locale>
			<Manifest_File>$(BDS)\bin\default_app.manifest</Manifest_File>
		</PropertyGroup>
		<PropertyGroup Condition="'$(Cfg_1)'!=''">
			<DCC_DebugDCUs>true</DCC_DebugDCUs>
			<DCC_Define>DEBUG;$(DCC_Define)</DCC_Define>
			<DCC_Optimize>false</DCC_Optimize>
			<DCC_GenerateStackFrames>true</DCC_GenerateStackFrames>
		</PropertyGroup>
		<PropertyGroup Condition="'$(Cfg_1_Win64)'!=''">
			<DCC_RemoteDebug>true</DCC_RemoteDebug>
		</PropertyGroup>
		<PropertyGroup Condition="'$(Cfg_1_Win32)'!=''">
			<VerInfo_IncludeVerInfo>true</VerInfo_IncludeVerInfo>
		</PropertyGroup>
		<PropertyGroup Condition="'$(Cfg_2)'!=''">
			<DCC_LocalDebugSymbols>false</DCC_LocalDebugSymbols>
			<DCC_Define>RELEASE;$(DCC_Define)</DCC_Define>
			<DCC_SymbolReferenceInfo>0</DCC_SymbolReferenceInfo>
			<DCC_DebugInformation>false</DCC_DebugInformation>
		</PropertyGroup>
		<ItemGroup>
			<DelphiCompile Include="$(MainSource)">
				<MainSource>MainSource</MainSource>
			</DelphiCompile>
			<DCCReference Include="..\src\UseORMMainFormUnit.pas">
				<Form>UseORMMainForm</Form>
			</DCCReference>
			<DCCReference Include="..\src\ClientFormUnit.pas">
				<Form>ClientForm</Form>
			</DCCReference>
			<DCCReference Include="..\..\..\..\bo.Generics\LazyFormFactoryUnit.pas"/>
			<DCCReference Include="..\src\ORMEntityListFactoryDataModuleIUnit.pas">
				<Form>ORMEntityListFactoryDataModule</Form>
				<DesignClass>TDataModule</DesignClass>
			</DCCReference>
			<DCCReference Include="..\src\ClientDetailFormUnit.pas">
				<Form>ClientDetailForm</Form>
			</DCCReference>
			<DCCReference Include="..\..\..\..\bo.ORM\ORMEntityUnit.pas"/>
			<DCCReference Include="..\..\..\..\bo.DB\bo.DB.MS\MSConnectionLayerUnit.pas"/>
			<DCCReference Include="..\..\..\..\bo.DB\DataSetEnumeratorUnit.pas"/>
			<DCCReference Include="..\..\..\..\bo.DB\bo.DB.Helpers\DataSetHelperUnit.pas"/>
			<DCCReference Include="..\..\..\..\bo.DB\bo.DB.MS\MSConnectionDataModuleUnit.pas">
				<Form>MSConnectionDataModule</Form>
				<DesignClass>TDataModule</DesignClass>
			</DCCReference>
			<DCCReference Include="..\..\..\..\bo.DB\bo.DB.MS\ADOConnectionStringBuilderUnit.pas"/>
			<DCCReference Include="..\..\..\..\bo.System\BaseTypesUnit.pas"/>
			<DCCReference Include="..\..\..\..\bo.Helpers\ComponentHelperUnit.pas"/>
			<DCCReference Include="..\..\..\..\bo.DB\bo.DB.MS\MSConfigUnit.pas"/>
			<DCCReference Include="..\..\..\..\bo.Helpers\FormatSettingsHelperUnit.pas"/>
			<DCCReference Include="..\..\..\..\bo.System\MathUnit.pas"/>
			<DCCReference Include="..\..\..\..\bo.Text\StringUtilsUnit.pas"/>
			<DCCReference Include="..\..\..\..\bo.DB\bo.DB.Helpers\FieldNameHelperUnit.pas"/>
			<DCCReference Include="..\..\..\..\bo.Helpers\ApplicationHelperUnit.pas"/>
			<DCCReference Include="..\..\..\..\bo.VCL\ScreenSupportUnit.pas"/>
			<DCCReference Include="..\..\..\..\bo.DB\bo.DB.Helpers\FieldHelperUnit.pas"/>
			<DCCReference Include="..\..\..\..\bo.DB\DbCrackerUnit.pas"/>
			<DCCReference Include="..\..\..\..\bo.DB\SqlConstsUnit.pas"/>
			<DCCReference Include="..\..\..\..\bo.Controls\DbDisplayLabelUnit.pas"/>
			<DCCReference Include="..\..\..\..\bo.DB\DataLinkReflectorUnit.pas"/>
			<DCCReference Include="..\..\..\..\bo.Components\bo.Components.DB\DataAwareControlControllerUnit.pas"/>
			<DCCReference Include="..\..\..\..\bo.TypeInfo\EnumTypeInfoUnit.pas"/>
			<DCCReference Include="..\..\..\..\bo.DB\DbUtilityUnit.pas"/>
			<DCCReference Include="..\..\..\..\bo.TypeInfo\SetTypeInfoUnit.pas"/>
			<DCCReference Include="..\..\..\..\bo.DB\DataAwareControlHelperUnit.pas"/>
			<DCCReference Include="..\..\..\..\bo.Generics\GenericExceptionUnit.pas"/>
			<DCCReference Include="..\..\..\..\bo.Generics\ConcreteCollectionsUnit.pas"/>
			<DCCReference Include="..\..\..\..\bo.DB\JoinedColumnPairUnit.pas"/>
			<DCCReference Include="..\..\..\..\bo.System\NullablesUnit.pas"/>
			<DCCReference Include="..\..\..\..\bo.DB\bo.DB.MS\MSDMLQueryRecordUnit.pas"/>
			<DCCReference Include="..\src\ORM\ORM.Base\AddressBaseUnit.pas"/>
			<DCCReference Include="..\src\ORM\ORM.Base\BaseEntityBaseUnit.pas"/>
			<DCCReference Include="..\src\ORM\ORM.Base\ClientBaseUnit.pas"/>
			<DCCReference Include="..\src\ORM\ORM.Base\DatabaseMetaDataBaseUnit.pas"/>
			<DCCReference Include="..\src\ORM\ORM.Base\LegalPersonBaseUnit.pas"/>
			<DCCReference Include="..\src\ORM\ORM.Base\NaturalPersonBaseUnit.pas"/>
			<DCCReference Include="..\src\ORM\ORM.Base\UserPersonBaseUnit.pas"/>
			<DCCReference Include="..\src\ORM\ORM.Actual\AddressUnit.pas"/>
			<DCCReference Include="..\src\ORM\ORM.Actual\BaseEntityUnit.pas"/>
			<DCCReference Include="..\src\ORM\ORM.Actual\ClientUnit.pas"/>
			<DCCReference Include="..\src\ORM\ORM.Actual\DatabaseMetaDataUnit.pas"/>
			<DCCReference Include="..\src\ORM\ORM.Actual\LegalPersonUnit.pas"/>
			<DCCReference Include="..\src\ORM\ORM.Actual\NaturalPersonUnit.pas"/>
			<DCCReference Include="..\src\ORM\ORM.Actual\UserPersonUnit.pas"/>
			<DCCReference Include="..\..\..\..\bo.DB\ClientDataSetSupportingCalculatedAndLookupFieldsUnit.pas"/>
			<DCCReference Include="..\..\..\..\bo.DB\SqlWhereCriterionsUnit.pas"/>
			<DCCReference Include="..\..\..\..\bo.DB\ClientDataSetSupportingWhereOrderByUnit.pas"/>
			<DCCReference Include="..\..\..\..\bo.Text\StringListWrapperUnit.pas"/>
			<DCCReference Include="..\src\ORM\ORM.Base\GenderBaseUnit.pas"/>
			<DCCReference Include="..\src\ORM\ORM.Actual\GenderUnit.pas"/>
			<DCCReference Include="..\src\GenderDetailFormUnit.pas">
				<Form>GenderDetailForm</Form>
			</DCCReference>
			<DCCReference Include="..\src\GenderListFormUnit.pas">
				<Form>GenderListForm</Form>
			</DCCReference>
			<DCCReference Include="..\src\ClientListFormUnit.pas">
				<Form>ClientListForm</Form>
			</DCCReference>
			<DCCReference Include="..\..\..\..\bo.ORM\ORMDetailBaseFormUnit.pas"/>
			<DCCReference Include="..\..\..\..\bo.ORM\ORMListBaseFormUnit.pas"/>
			<None Include="Debug\Win32\UseORMProject.ini"/>
			<None Include="..\..\..\..\Include\Defines.inc"/>
			<None Include="..\..\..\..\..\..\Forks\FastMM\FastMM4Options.inc"/>
			<None Include="..\inc\Project.inc"/>
			<None Include="Debug\Win32\UseORMProject_MemoryManager_EventLog.txt"/>
			<None Include="..\doc\ThingsToShow.txt"/>
			<None Include="CompareGeneratedToProject.bat"/>
			<BuildConfiguration Include="Release">
				<Key>Cfg_2</Key>
				<CfgParent>Base</CfgParent>
			</BuildConfiguration>
			<BuildConfiguration Include="Base">
				<Key>Base</Key>
			</BuildConfiguration>
			<BuildConfiguration Include="Debug">
				<Key>Cfg_1</Key>
				<CfgParent>Base</CfgParent>
			</BuildConfiguration>
		</ItemGroup>
		<Import Condition="Exists('$(BDS)\Bin\CodeGear.Delphi.Targets')" Project="$(BDS)\Bin\CodeGear.Delphi.Targets"/>
		<Import Condition="Exists('$(APPDATA)\Embarcadero\$(BDSAPPDATABASEDIR)\$(PRODUCTVERSION)\UserTools.proj')" Project="$(APPDATA)\Embarcadero\$(BDSAPPDATABASEDIR)\$(PRODUCTVERSION)\UserTools.proj"/>
		<ProjectExtensions>
			<Borland.Personality>Delphi.Personality.12</Borland.Personality>
			<Borland.ProjectType/>
			<BorlandProject>
				<Delphi.Personality>
					<VersionInfo>
						<VersionInfo Name="IncludeVerInfo">False</VersionInfo>
						<VersionInfo Name="AutoIncBuild">False</VersionInfo>
						<VersionInfo Name="MajorVer">1</VersionInfo>
						<VersionInfo Name="MinorVer">0</VersionInfo>
						<VersionInfo Name="Release">0</VersionInfo>
						<VersionInfo Name="Build">0</VersionInfo>
						<VersionInfo Name="Debug">False</VersionInfo>
						<VersionInfo Name="PreRelease">False</VersionInfo>
						<VersionInfo Name="Special">False</VersionInfo>
						<VersionInfo Name="Private">False</VersionInfo>
						<VersionInfo Name="DLL">False</VersionInfo>
						<VersionInfo Name="Locale">1033</VersionInfo>
						<VersionInfo Name="CodePage">1252</VersionInfo>
					</VersionInfo>
					<VersionInfoKeys>
						<VersionInfoKeys Name="CompanyName"/>
						<VersionInfoKeys Name="FileDescription"/>
						<VersionInfoKeys Name="FileVersion">1.0.0.0</VersionInfoKeys>
						<VersionInfoKeys Name="InternalName"/>
						<VersionInfoKeys Name="LegalCopyright"/>
						<VersionInfoKeys Name="LegalTrademarks"/>
						<VersionInfoKeys Name="OriginalFilename"/>
						<VersionInfoKeys Name="ProductName"/>
						<VersionInfoKeys Name="ProductVersion">1.0.0.0</VersionInfoKeys>
						<VersionInfoKeys Name="Comments"/>
					</VersionInfoKeys>
					<Source>
						<Source Name="MainSource">UseORMProject_XE2.dpr</Source>
					</Source>
					<Excluded_Packages>
						<Excluded_Packages Name="$(BDSBIN)\bcboffice2k160.bpl">Embarcadero C++Builder Office 2000 Servers Package</Excluded_Packages>
						<Excluded_Packages Name="$(BDSBIN)\bcbofficexp160.bpl">Embarcadero C++Builder Office XP Servers Package</Excluded_Packages>
						<Excluded_Packages Name="$(BDSBIN)\dcloffice2k160.bpl">Microsoft Office 2000 Sample Automation Server Wrapper Components</Excluded_Packages>
						<Excluded_Packages Name="$(BDSBIN)\dclofficexp160.bpl">Microsoft Office XP Sample Automation Server Wrapper Components</Excluded_Packages>
					</Excluded_Packages>
				</Delphi.Personality>
				<Platforms>
					<Platform value="Win64">True</Platform>
					<Platform value="Win32">True</Platform>
				</Platforms>
			</BorlandProject>
			<ProjectFileVersion>12</ProjectFileVersion>
		</ProjectExtensions>
		<PropertyGroup Condition="'$(Config)'=='Debug' And '$(Platform)'=='Win32'">
			<PreBuildEvent/>
			<PreBuildEventIgnoreExitCode>False</PreBuildEventIgnoreExitCode>
			<PreLinkEvent/>
			<PreLinkEventIgnoreExitCode>False</PreLinkEventIgnoreExitCode>
			<PostBuildEvent>copy &quot;C:\develop\codeplex\TFS05\bo\Forks\FastMM\Demos\Replacement borlndmm DLL\FastMM_FullDebugMode.dll&quot; .\$(Config)\$(Platform)</PostBuildEvent>
			<PostBuildEventIgnoreExitCode>False</PostBuildEventIgnoreExitCode>
		</PropertyGroup>
		<PropertyGroup Condition="'$(Config)'=='Release' And '$(Platform)'=='Win32'">
			<PreBuildEvent/>
			<PreBuildEventIgnoreExitCode>False</PreBuildEventIgnoreExitCode>
			<PreLinkEvent/>
			<PreLinkEventIgnoreExitCode>False</PreLinkEventIgnoreExitCode>
			<PostBuildEvent>copy &quot;C:\develop\codeplex\TFS05\bo\Forks\FastMM\Demos\Replacement borlndmm DLL\FastMM_FullDebugMode.dll&quot; .\$(Config)\$(Platform)</PostBuildEvent>
			<PostBuildEventIgnoreExitCode>False</PostBuildEventIgnoreExitCode>
		</PropertyGroup>
	</Project>
